// !$*UTF8*$!
{
	archiveVersion = 1;
	classes = {
	};
	objectVersion = 55;
	objects = {

/* Begin PBXBuildFile section */
		4304E981284E48140084F5A8 /* LocalDataSource.swift in Sources */ = {isa = PBXBuildFile; fileRef = 4304E980284E48140084F5A8 /* LocalDataSource.swift */; };
		4304E983284EB2020084F5A8 /* AddRemedioInteractor.swift in Sources */ = {isa = PBXBuildFile; fileRef = 4304E982284EB2020084F5A8 /* AddRemedioInteractor.swift */; };
		4304E985284EB8450084F5A8 /* RemedioUIState.swift in Sources */ = {isa = PBXBuildFile; fileRef = 4304E984284EB8450084F5A8 /* RemedioUIState.swift */; };
		4304E987284EBABA0084F5A8 /* RemedioInteractor.swift in Sources */ = {isa = PBXBuildFile; fileRef = 4304E986284EBABA0084F5A8 /* RemedioInteractor.swift */; };
		4304E989284EF2BE0084F5A8 /* AddRemedioUIState.swift in Sources */ = {isa = PBXBuildFile; fileRef = 4304E988284EF2BD0084F5A8 /* AddRemedioUIState.swift */; };
		430F6C6D28504FF20063625E /* AddRemedioModel.swift in Sources */ = {isa = PBXBuildFile; fileRef = 430F6C6C28504FF20063625E /* AddRemedioModel.swift */; };
		4324990E28596C0800D8002B /* Localizable.strings in Resources */ = {isa = PBXBuildFile; fileRef = 4324991028596C0800D8002B /* Localizable.strings */; };
		4350E8832853F265003BCC36 /* RemedioViewModel.swift in Sources */ = {isa = PBXBuildFile; fileRef = 4350E8822853F265003BCC36 /* RemedioViewModel.swift */; };
		4350E8852853F8DE003BCC36 /* RemedioView.swift in Sources */ = {isa = PBXBuildFile; fileRef = 4350E8842853F8DE003BCC36 /* RemedioView.swift */; };
		436A4E4E2872891C006FEED7 /* DatePickerView.swift in Sources */ = {isa = PBXBuildFile; fileRef = 436A4E4D2872891C006FEED7 /* DatePickerView.swift */; };
		436A4E5028728E93006FEED7 /* SectionView.swift in Sources */ = {isa = PBXBuildFile; fileRef = 436A4E4F28728E93006FEED7 /* SectionView.swift */; };
		437DAC802853B6F8003FBED6 /* RemedioRowViewModel.swift in Sources */ = {isa = PBXBuildFile; fileRef = 437DAC7F2853B6F8003FBED6 /* RemedioRowViewModel.swift */; };
		4380A7FF284B058D008CDC89 /* RemediosApp.swift in Sources */ = {isa = PBXBuildFile; fileRef = 4380A7FE284B058D008CDC89 /* RemediosApp.swift */; };
		4380A803284B058F008CDC89 /* Assets.xcassets in Resources */ = {isa = PBXBuildFile; fileRef = 4380A802284B058F008CDC89 /* Assets.xcassets */; };
		4380A806284B058F008CDC89 /* Preview Assets.xcassets in Resources */ = {isa = PBXBuildFile; fileRef = 4380A805284B058F008CDC89 /* Preview Assets.xcassets */; };
		4380A808284B058F008CDC89 /* Persistence.swift in Sources */ = {isa = PBXBuildFile; fileRef = 4380A807284B058F008CDC89 /* Persistence.swift */; };
		4380A80B284B058F008CDC89 /* Remedios.xcdatamodeld in Sources */ = {isa = PBXBuildFile; fileRef = 4380A809284B058F008CDC89 /* Remedios.xcdatamodeld */; };
		4380A815284B0590008CDC89 /* RemediosTests.swift in Sources */ = {isa = PBXBuildFile; fileRef = 4380A814284B0590008CDC89 /* RemediosTests.swift */; };
		4380A81F284B0590008CDC89 /* RemediosUITests.swift in Sources */ = {isa = PBXBuildFile; fileRef = 4380A81E284B0590008CDC89 /* RemediosUITests.swift */; };
		4380A821284B0590008CDC89 /* RemediosUITestsLaunchTests.swift in Sources */ = {isa = PBXBuildFile; fileRef = 4380A820284B0590008CDC89 /* RemediosUITestsLaunchTests.swift */; };
		4380A830284B06EC008CDC89 /* RemedioRowView.swift in Sources */ = {isa = PBXBuildFile; fileRef = 4380A82F284B06EC008CDC89 /* RemedioRowView.swift */; };
		4391AC45284BF8A100091079 /* AddRemedioView.swift in Sources */ = {isa = PBXBuildFile; fileRef = 4391AC44284BF8A100091079 /* AddRemedioView.swift */; };
		4391AC47284C065B00091079 /* AddRemedioViewModel.swift in Sources */ = {isa = PBXBuildFile; fileRef = 4391AC46284C065B00091079 /* AddRemedioViewModel.swift */; };
		43A723D62858031F0019DAEA /* LaunchView.swift in Sources */ = {isa = PBXBuildFile; fileRef = 43A723D52858031F0019DAEA /* LaunchView.swift */; };
		43A723D8285835520019DAEA /* LaunchViewModel.swift in Sources */ = {isa = PBXBuildFile; fileRef = 43A723D7285835520019DAEA /* LaunchViewModel.swift */; };
		43A723DA285837570019DAEA /* LaunchInteractor.swift in Sources */ = {isa = PBXBuildFile; fileRef = 43A723D9285837570019DAEA /* LaunchInteractor.swift */; };
		43FE5CEF28542F2400BCF110 /* RemedioViewRouter.swift in Sources */ = {isa = PBXBuildFile; fileRef = 43FE5CEE28542F2400BCF110 /* RemedioViewRouter.swift */; };
/* End PBXBuildFile section */

/* Begin PBXContainerItemProxy section */
		4380A811284B0590008CDC89 /* PBXContainerItemProxy */ = {
			isa = PBXContainerItemProxy;
			containerPortal = 4380A7F3284B058C008CDC89 /* Project object */;
			proxyType = 1;
			remoteGlobalIDString = 4380A7FA284B058C008CDC89;
			remoteInfo = Remedios;
		};
		4380A81B284B0590008CDC89 /* PBXContainerItemProxy */ = {
			isa = PBXContainerItemProxy;
			containerPortal = 4380A7F3284B058C008CDC89 /* Project object */;
			proxyType = 1;
			remoteGlobalIDString = 4380A7FA284B058C008CDC89;
			remoteInfo = Remedios;
		};
/* End PBXContainerItemProxy section */

/* Begin PBXFileReference section */
		4304E980284E48140084F5A8 /* LocalDataSource.swift */ = {isa = PBXFileReference; lastKnownFileType = sourcecode.swift; path = LocalDataSource.swift; sourceTree = "<group>"; };
		4304E982284EB2020084F5A8 /* AddRemedioInteractor.swift */ = {isa = PBXFileReference; lastKnownFileType = sourcecode.swift; path = AddRemedioInteractor.swift; sourceTree = "<group>"; };
		4304E984284EB8450084F5A8 /* RemedioUIState.swift */ = {isa = PBXFileReference; lastKnownFileType = sourcecode.swift; path = RemedioUIState.swift; sourceTree = "<group>"; };
		4304E986284EBABA0084F5A8 /* RemedioInteractor.swift */ = {isa = PBXFileReference; lastKnownFileType = sourcecode.swift; path = RemedioInteractor.swift; sourceTree = "<group>"; };
		4304E988284EF2BD0084F5A8 /* AddRemedioUIState.swift */ = {isa = PBXFileReference; lastKnownFileType = sourcecode.swift; path = AddRemedioUIState.swift; sourceTree = "<group>"; };
		430F6C6C28504FF20063625E /* AddRemedioModel.swift */ = {isa = PBXFileReference; lastKnownFileType = sourcecode.swift; path = AddRemedioModel.swift; sourceTree = "<group>"; };
		4324990F28596C0800D8002B /* pt-BR */ = {isa = PBXFileReference; lastKnownFileType = text.plist.strings; name = "pt-BR"; path = "pt-BR.lproj/Localizable.strings"; sourceTree = "<group>"; };
		4350E8822853F265003BCC36 /* RemedioViewModel.swift */ = {isa = PBXFileReference; lastKnownFileType = sourcecode.swift; path = RemedioViewModel.swift; sourceTree = "<group>"; };
		4350E8842853F8DE003BCC36 /* RemedioView.swift */ = {isa = PBXFileReference; lastKnownFileType = sourcecode.swift; path = RemedioView.swift; sourceTree = "<group>"; };
		436A4E4D2872891C006FEED7 /* DatePickerView.swift */ = {isa = PBXFileReference; lastKnownFileType = sourcecode.swift; path = DatePickerView.swift; sourceTree = "<group>"; };
		436A4E4F28728E93006FEED7 /* SectionView.swift */ = {isa = PBXFileReference; lastKnownFileType = sourcecode.swift; path = SectionView.swift; sourceTree = "<group>"; };
		437DAC7F2853B6F8003FBED6 /* RemedioRowViewModel.swift */ = {isa = PBXFileReference; lastKnownFileType = sourcecode.swift; path = RemedioRowViewModel.swift; sourceTree = "<group>"; };
		4380A7FB284B058C008CDC89 /* Remedio na Hora.app */ = {isa = PBXFileReference; explicitFileType = wrapper.application; includeInIndex = 0; path = "Remedio na Hora.app"; sourceTree = BUILT_PRODUCTS_DIR; };
		4380A7FE284B058D008CDC89 /* RemediosApp.swift */ = {isa = PBXFileReference; lastKnownFileType = sourcecode.swift; path = RemediosApp.swift; sourceTree = "<group>"; };
		4380A802284B058F008CDC89 /* Assets.xcassets */ = {isa = PBXFileReference; lastKnownFileType = folder.assetcatalog; path = Assets.xcassets; sourceTree = "<group>"; };
		4380A805284B058F008CDC89 /* Preview Assets.xcassets */ = {isa = PBXFileReference; lastKnownFileType = folder.assetcatalog; path = "Preview Assets.xcassets"; sourceTree = "<group>"; };
		4380A807284B058F008CDC89 /* Persistence.swift */ = {isa = PBXFileReference; lastKnownFileType = sourcecode.swift; path = Persistence.swift; sourceTree = "<group>"; };
		4380A80A284B058F008CDC89 /* Remedios.xcdatamodel */ = {isa = PBXFileReference; lastKnownFileType = wrapper.xcdatamodel; path = Remedios.xcdatamodel; sourceTree = "<group>"; };
		4380A810284B0590008CDC89 /* RemediosTests.xctest */ = {isa = PBXFileReference; explicitFileType = wrapper.cfbundle; includeInIndex = 0; path = RemediosTests.xctest; sourceTree = BUILT_PRODUCTS_DIR; };
		4380A814284B0590008CDC89 /* RemediosTests.swift */ = {isa = PBXFileReference; lastKnownFileType = sourcecode.swift; path = RemediosTests.swift; sourceTree = "<group>"; };
		4380A81A284B0590008CDC89 /* RemediosUITests.xctest */ = {isa = PBXFileReference; explicitFileType = wrapper.cfbundle; includeInIndex = 0; path = RemediosUITests.xctest; sourceTree = BUILT_PRODUCTS_DIR; };
		4380A81E284B0590008CDC89 /* RemediosUITests.swift */ = {isa = PBXFileReference; lastKnownFileType = sourcecode.swift; path = RemediosUITests.swift; sourceTree = "<group>"; };
		4380A820284B0590008CDC89 /* RemediosUITestsLaunchTests.swift */ = {isa = PBXFileReference; lastKnownFileType = sourcecode.swift; path = RemediosUITestsLaunchTests.swift; sourceTree = "<group>"; };
		4380A82F284B06EC008CDC89 /* RemedioRowView.swift */ = {isa = PBXFileReference; lastKnownFileType = sourcecode.swift; path = RemedioRowView.swift; sourceTree = "<group>"; };
		4391AC44284BF8A100091079 /* AddRemedioView.swift */ = {isa = PBXFileReference; lastKnownFileType = sourcecode.swift; path = AddRemedioView.swift; sourceTree = "<group>"; };
		4391AC46284C065B00091079 /* AddRemedioViewModel.swift */ = {isa = PBXFileReference; lastKnownFileType = sourcecode.swift; path = AddRemedioViewModel.swift; sourceTree = "<group>"; };
		43A723D52858031F0019DAEA /* LaunchView.swift */ = {isa = PBXFileReference; lastKnownFileType = sourcecode.swift; path = LaunchView.swift; sourceTree = "<group>"; };
		43A723D7285835520019DAEA /* LaunchViewModel.swift */ = {isa = PBXFileReference; lastKnownFileType = sourcecode.swift; path = LaunchViewModel.swift; sourceTree = "<group>"; };
		43A723D9285837570019DAEA /* LaunchInteractor.swift */ = {isa = PBXFileReference; lastKnownFileType = sourcecode.swift; path = LaunchInteractor.swift; sourceTree = "<group>"; };
		43FE5CEE28542F2400BCF110 /* RemedioViewRouter.swift */ = {isa = PBXFileReference; lastKnownFileType = sourcecode.swift; path = RemedioViewRouter.swift; sourceTree = "<group>"; };
/* End PBXFileReference section */

/* Begin PBXFrameworksBuildPhase section */
		4380A7F8284B058C008CDC89 /* Frameworks */ = {
			isa = PBXFrameworksBuildPhase;
			buildActionMask = 2147483647;
			files = (
			);
			runOnlyForDeploymentPostprocessing = 0;
		};
		4380A80D284B0590008CDC89 /* Frameworks */ = {
			isa = PBXFrameworksBuildPhase;
			buildActionMask = 2147483647;
			files = (
			);
			runOnlyForDeploymentPostprocessing = 0;
		};
		4380A817284B0590008CDC89 /* Frameworks */ = {
			isa = PBXFrameworksBuildPhase;
			buildActionMask = 2147483647;
			files = (
			);
			runOnlyForDeploymentPostprocessing = 0;
		};
/* End PBXFrameworksBuildPhase section */

/* Begin PBXGroup section */
		437DAC722853827D003FBED6 /* AddRemedio */ = {
			isa = PBXGroup;
			children = (
				437DAC7428538496003FBED6 /* Views */,
				437DAC75285384A1003FBED6 /* ViewModels */,
				437DAC76285384AD003FBED6 /* Interactor */,
				437DAC7328538488003FBED6 /* Models */,
			);
			path = AddRemedio;
			sourceTree = "<group>";
		};
		437DAC7328538488003FBED6 /* Models */ = {
			isa = PBXGroup;
			children = (
				4304E988284EF2BD0084F5A8 /* AddRemedioUIState.swift */,
				430F6C6C28504FF20063625E /* AddRemedioModel.swift */,
			);
			path = Models;
			sourceTree = "<group>";
		};
		437DAC7428538496003FBED6 /* Views */ = {
			isa = PBXGroup;
			children = (
				4391AC44284BF8A100091079 /* AddRemedioView.swift */,
				436A4E4D2872891C006FEED7 /* DatePickerView.swift */,
			);
			path = Views;
			sourceTree = "<group>";
		};
		437DAC75285384A1003FBED6 /* ViewModels */ = {
			isa = PBXGroup;
			children = (
				4391AC46284C065B00091079 /* AddRemedioViewModel.swift */,
			);
			path = ViewModels;
			sourceTree = "<group>";
		};
		437DAC76285384AD003FBED6 /* Interactor */ = {
			isa = PBXGroup;
			children = (
				4304E982284EB2020084F5A8 /* AddRemedioInteractor.swift */,
			);
			path = Interactor;
			sourceTree = "<group>";
		};
		437DAC77285384D5003FBED6 /* Remedio */ = {
			isa = PBXGroup;
			children = (
				437DAC78285384ED003FBED6 /* Views */,
				437DAC79285384F8003FBED6 /* Interactor */,
				437DAC7A28538511003FBED6 /* Models */,
				437DAC7B2853851A003FBED6 /* ViewModels */,
			);
			path = Remedio;
			sourceTree = "<group>";
		};
		437DAC78285384ED003FBED6 /* Views */ = {
			isa = PBXGroup;
			children = (
				4380A82F284B06EC008CDC89 /* RemedioRowView.swift */,
				4350E8842853F8DE003BCC36 /* RemedioView.swift */,
				436A4E4F28728E93006FEED7 /* SectionView.swift */,
			);
			path = Views;
			sourceTree = "<group>";
		};
		437DAC79285384F8003FBED6 /* Interactor */ = {
			isa = PBXGroup;
			children = (
				4304E986284EBABA0084F5A8 /* RemedioInteractor.swift */,
			);
			path = Interactor;
			sourceTree = "<group>";
		};
		437DAC7A28538511003FBED6 /* Models */ = {
			isa = PBXGroup;
			children = (
				4304E984284EB8450084F5A8 /* RemedioUIState.swift */,
			);
			path = Models;
			sourceTree = "<group>";
		};
		437DAC7B2853851A003FBED6 /* ViewModels */ = {
			isa = PBXGroup;
			children = (
				437DAC7F2853B6F8003FBED6 /* RemedioRowViewModel.swift */,
				4350E8822853F265003BCC36 /* RemedioViewModel.swift */,
				43FE5CEE28542F2400BCF110 /* RemedioViewRouter.swift */,
			);
			path = ViewModels;
			sourceTree = "<group>";
		};
		437DAC7C2853855D003FBED6 /* Shared */ = {
			isa = PBXGroup;
			children = (
				4304E980284E48140084F5A8 /* LocalDataSource.swift */,
			);
			path = Shared;
			sourceTree = "<group>";
		};
		4380A7F2284B058C008CDC89 = {
			isa = PBXGroup;
			children = (
				4380A7FD284B058C008CDC89 /* Remedios */,
				4380A813284B0590008CDC89 /* RemediosTests */,
				4380A81D284B0590008CDC89 /* RemediosUITests */,
				4380A7FC284B058C008CDC89 /* Products */,
			);
			sourceTree = "<group>";
		};
		4380A7FC284B058C008CDC89 /* Products */ = {
			isa = PBXGroup;
			children = (
				4380A7FB284B058C008CDC89 /* Remedio na Hora.app */,
				4380A810284B0590008CDC89 /* RemediosTests.xctest */,
				4380A81A284B0590008CDC89 /* RemediosUITests.xctest */,
			);
			name = Products;
			sourceTree = "<group>";
		};
		4380A7FD284B058C008CDC89 /* Remedios */ = {
			isa = PBXGroup;
			children = (
				4380A7FE284B058D008CDC89 /* RemediosApp.swift */,
				4380A802284B058F008CDC89 /* Assets.xcassets */,
				4380A807284B058F008CDC89 /* Persistence.swift */,
				437DAC7C2853855D003FBED6 /* Shared */,
				437DAC77285384D5003FBED6 /* Remedio */,
				437DAC722853827D003FBED6 /* AddRemedio */,
				43A723DB28583AEE0019DAEA /* Launch */,
				4380A809284B058F008CDC89 /* Remedios.xcdatamodeld */,
				4380A804284B058F008CDC89 /* Preview Content */,
				4324991028596C0800D8002B /* Localizable.strings */,
			);
			path = Remedios;
			sourceTree = "<group>";
		};
		4380A804284B058F008CDC89 /* Preview Content */ = {
			isa = PBXGroup;
			children = (
				4380A805284B058F008CDC89 /* Preview Assets.xcassets */,
			);
			path = "Preview Content";
			sourceTree = "<group>";
		};
		4380A813284B0590008CDC89 /* RemediosTests */ = {
			isa = PBXGroup;
			children = (
				4380A814284B0590008CDC89 /* RemediosTests.swift */,
			);
			path = RemediosTests;
			sourceTree = "<group>";
		};
		4380A81D284B0590008CDC89 /* RemediosUITests */ = {
			isa = PBXGroup;
			children = (
				4380A81E284B0590008CDC89 /* RemediosUITests.swift */,
				4380A820284B0590008CDC89 /* RemediosUITestsLaunchTests.swift */,
			);
			path = RemediosUITests;
			sourceTree = "<group>";
		};
		43A723DB28583AEE0019DAEA /* Launch */ = {
			isa = PBXGroup;
			children = (
				43A723DC28583AFA0019DAEA /* Views */,
				43A723DD28583B130019DAEA /* Models */,
				43A723DE28583B1E0019DAEA /* Interactor */,
			);
			path = Launch;
			sourceTree = "<group>";
		};
		43A723DC28583AFA0019DAEA /* Views */ = {
			isa = PBXGroup;
			children = (
				43A723D52858031F0019DAEA /* LaunchView.swift */,
			);
			path = Views;
			sourceTree = "<group>";
		};
		43A723DD28583B130019DAEA /* Models */ = {
			isa = PBXGroup;
			children = (
				43A723D7285835520019DAEA /* LaunchViewModel.swift */,
			);
			path = Models;
			sourceTree = "<group>";
		};
		43A723DE28583B1E0019DAEA /* Interactor */ = {
			isa = PBXGroup;
			children = (
				43A723D9285837570019DAEA /* LaunchInteractor.swift */,
			);
			path = Interactor;
			sourceTree = "<group>";
		};
/* End PBXGroup section */

/* Begin PBXNativeTarget section */
		4380A7FA284B058C008CDC89 /* Remedios */ = {
			isa = PBXNativeTarget;
			buildConfigurationList = 4380A824284B0590008CDC89 /* Build configuration list for PBXNativeTarget "Remedios" */;
			buildPhases = (
				4380A7F7284B058C008CDC89 /* Sources */,
				4380A7F8284B058C008CDC89 /* Frameworks */,
				4380A7F9284B058C008CDC89 /* Resources */,
			);
			buildRules = (
			);
			dependencies = (
			);
			name = Remedios;
			productName = Remedios;
			productReference = 4380A7FB284B058C008CDC89 /* Remedio na Hora.app */;
			productType = "com.apple.product-type.application";
		};
		4380A80F284B0590008CDC89 /* RemediosTests */ = {
			isa = PBXNativeTarget;
			buildConfigurationList = 4380A827284B0590008CDC89 /* Build configuration list for PBXNativeTarget "RemediosTests" */;
			buildPhases = (
				4380A80C284B0590008CDC89 /* Sources */,
				4380A80D284B0590008CDC89 /* Frameworks */,
				4380A80E284B0590008CDC89 /* Resources */,
			);
			buildRules = (
			);
			dependencies = (
				4380A812284B0590008CDC89 /* PBXTargetDependency */,
			);
			name = RemediosTests;
			productName = RemediosTests;
			productReference = 4380A810284B0590008CDC89 /* RemediosTests.xctest */;
			productType = "com.apple.product-type.bundle.unit-test";
		};
		4380A819284B0590008CDC89 /* RemediosUITests */ = {
			isa = PBXNativeTarget;
			buildConfigurationList = 4380A82A284B0590008CDC89 /* Build configuration list for PBXNativeTarget "RemediosUITests" */;
			buildPhases = (
				4380A816284B0590008CDC89 /* Sources */,
				4380A817284B0590008CDC89 /* Frameworks */,
				4380A818284B0590008CDC89 /* Resources */,
			);
			buildRules = (
			);
			dependencies = (
				4380A81C284B0590008CDC89 /* PBXTargetDependency */,
			);
			name = RemediosUITests;
			productName = RemediosUITests;
			productReference = 4380A81A284B0590008CDC89 /* RemediosUITests.xctest */;
			productType = "com.apple.product-type.bundle.ui-testing";
		};
/* End PBXNativeTarget section */

/* Begin PBXProject section */
		4380A7F3284B058C008CDC89 /* Project object */ = {
			isa = PBXProject;
			attributes = {
				BuildIndependentTargetsInParallel = 1;
				LastSwiftUpdateCheck = 1340;
				LastUpgradeCheck = 1400;
				TargetAttributes = {
					4380A7FA284B058C008CDC89 = {
						CreatedOnToolsVersion = 13.4;
					};
					4380A80F284B0590008CDC89 = {
						CreatedOnToolsVersion = 13.4;
						TestTargetID = 4380A7FA284B058C008CDC89;
					};
					4380A819284B0590008CDC89 = {
						CreatedOnToolsVersion = 13.4;
						TestTargetID = 4380A7FA284B058C008CDC89;
					};
				};
			};
			buildConfigurationList = 4380A7F6284B058C008CDC89 /* Build configuration list for PBXProject "Remedios" */;
			compatibilityVersion = "Xcode 13.0";
			developmentRegion = en;
			hasScannedForEncodings = 0;
			knownRegions = (
				en,
				Base,
				"pt-BR",
			);
			mainGroup = 4380A7F2284B058C008CDC89;
			productRefGroup = 4380A7FC284B058C008CDC89 /* Products */;
			projectDirPath = "";
			projectRoot = "";
			targets = (
				4380A7FA284B058C008CDC89 /* Remedios */,
				4380A80F284B0590008CDC89 /* RemediosTests */,
				4380A819284B0590008CDC89 /* RemediosUITests */,
			);
		};
/* End PBXProject section */

/* Begin PBXResourcesBuildPhase section */
		4380A7F9284B058C008CDC89 /* Resources */ = {
			isa = PBXResourcesBuildPhase;
			buildActionMask = 2147483647;
			files = (
				4380A806284B058F008CDC89 /* Preview Assets.xcassets in Resources */,
				4324990E28596C0800D8002B /* Localizable.strings in Resources */,
				4380A803284B058F008CDC89 /* Assets.xcassets in Resources */,
			);
			runOnlyForDeploymentPostprocessing = 0;
		};
		4380A80E284B0590008CDC89 /* Resources */ = {
			isa = PBXResourcesBuildPhase;
			buildActionMask = 2147483647;
			files = (
			);
			runOnlyForDeploymentPostprocessing = 0;
		};
		4380A818284B0590008CDC89 /* Resources */ = {
			isa = PBXResourcesBuildPhase;
			buildActionMask = 2147483647;
			files = (
			);
			runOnlyForDeploymentPostprocessing = 0;
		};
/* End PBXResourcesBuildPhase section */

/* Begin PBXSourcesBuildPhase section */
		4380A7F7284B058C008CDC89 /* Sources */ = {
			isa = PBXSourcesBuildPhase;
			buildActionMask = 2147483647;
			files = (
				430F6C6D28504FF20063625E /* AddRemedioModel.swift in Sources */,
				4350E8852853F8DE003BCC36 /* RemedioView.swift in Sources */,
				4380A808284B058F008CDC89 /* Persistence.swift in Sources */,
				43FE5CEF28542F2400BCF110 /* RemedioViewRouter.swift in Sources */,
				4380A80B284B058F008CDC89 /* Remedios.xcdatamodeld in Sources */,
				43A723D62858031F0019DAEA /* LaunchView.swift in Sources */,
				436A4E4E2872891C006FEED7 /* DatePickerView.swift in Sources */,
				4380A830284B06EC008CDC89 /* RemedioRowView.swift in Sources */,
				4304E989284EF2BE0084F5A8 /* AddRemedioUIState.swift in Sources */,
				4380A7FF284B058D008CDC89 /* RemediosApp.swift in Sources */,
				4304E987284EBABA0084F5A8 /* RemedioInteractor.swift in Sources */,
				4304E981284E48140084F5A8 /* LocalDataSource.swift in Sources */,
				43A723DA285837570019DAEA /* LaunchInteractor.swift in Sources */,
				437DAC802853B6F8003FBED6 /* RemedioRowViewModel.swift in Sources */,
				4350E8832853F265003BCC36 /* RemedioViewModel.swift in Sources */,
				4391AC47284C065B00091079 /* AddRemedioViewModel.swift in Sources */,
				4304E985284EB8450084F5A8 /* RemedioUIState.swift in Sources */,
				436A4E5028728E93006FEED7 /* SectionView.swift in Sources */,
				4304E983284EB2020084F5A8 /* AddRemedioInteractor.swift in Sources */,
				4391AC45284BF8A100091079 /* AddRemedioView.swift in Sources */,
				43A723D8285835520019DAEA /* LaunchViewModel.swift in Sources */,
			);
			runOnlyForDeploymentPostprocessing = 0;
		};
		4380A80C284B0590008CDC89 /* Sources */ = {
			isa = PBXSourcesBuildPhase;
			buildActionMask = 2147483647;
			files = (
				4380A815284B0590008CDC89 /* RemediosTests.swift in Sources */,
			);
			runOnlyForDeploymentPostprocessing = 0;
		};
		4380A816284B0590008CDC89 /* Sources */ = {
			isa = PBXSourcesBuildPhase;
			buildActionMask = 2147483647;
			files = (
				4380A821284B0590008CDC89 /* RemediosUITestsLaunchTests.swift in Sources */,
				4380A81F284B0590008CDC89 /* RemediosUITests.swift in Sources */,
			);
			runOnlyForDeploymentPostprocessing = 0;
		};
/* End PBXSourcesBuildPhase section */

/* Begin PBXTargetDependency section */
		4380A812284B0590008CDC89 /* PBXTargetDependency */ = {
			isa = PBXTargetDependency;
			target = 4380A7FA284B058C008CDC89 /* Remedios */;
			targetProxy = 4380A811284B0590008CDC89 /* PBXContainerItemProxy */;
		};
		4380A81C284B0590008CDC89 /* PBXTargetDependency */ = {
			isa = PBXTargetDependency;
			target = 4380A7FA284B058C008CDC89 /* Remedios */;
			targetProxy = 4380A81B284B0590008CDC89 /* PBXContainerItemProxy */;
		};
/* End PBXTargetDependency section */

/* Begin PBXVariantGroup section */
		4324991028596C0800D8002B /* Localizable.strings */ = {
			isa = PBXVariantGroup;
			children = (
				4324990F28596C0800D8002B /* pt-BR */,
			);
			name = Localizable.strings;
			sourceTree = "<group>";
		};
/* End PBXVariantGroup section */

/* Begin XCBuildConfiguration section */
		4380A822284B0590008CDC89 /* Debug */ = {
			isa = XCBuildConfiguration;
			buildSettings = {
				ALWAYS_SEARCH_USER_PATHS = NO;
				CLANG_ANALYZER_LOCALIZABILITY_NONLOCALIZED = YES;
				CLANG_ANALYZER_NONNULL = YES;
				CLANG_ANALYZER_NUMBER_OBJECT_CONVERSION = YES_AGGRESSIVE;
				CLANG_CXX_LANGUAGE_STANDARD = "gnu++17";
				CLANG_ENABLE_MODULES = YES;
				CLANG_ENABLE_OBJC_ARC = YES;
				CLANG_ENABLE_OBJC_WEAK = YES;
				CLANG_WARN_BLOCK_CAPTURE_AUTORELEASING = YES;
				CLANG_WARN_BOOL_CONVERSION = YES;
				CLANG_WARN_COMMA = YES;
				CLANG_WARN_CONSTANT_CONVERSION = YES;
				CLANG_WARN_DEPRECATED_OBJC_IMPLEMENTATIONS = YES;
				CLANG_WARN_DIRECT_OBJC_ISA_USAGE = YES_ERROR;
				CLANG_WARN_DOCUMENTATION_COMMENTS = YES;
				CLANG_WARN_EMPTY_BODY = YES;
				CLANG_WARN_ENUM_CONVERSION = YES;
				CLANG_WARN_INFINITE_RECURSION = YES;
				CLANG_WARN_INT_CONVERSION = YES;
				CLANG_WARN_NON_LITERAL_NULL_CONVERSION = YES;
				CLANG_WARN_OBJC_IMPLICIT_RETAIN_SELF = YES;
				CLANG_WARN_OBJC_LITERAL_CONVERSION = YES;
				CLANG_WARN_OBJC_ROOT_CLASS = YES_ERROR;
				CLANG_WARN_QUOTED_INCLUDE_IN_FRAMEWORK_HEADER = YES;
				CLANG_WARN_RANGE_LOOP_ANALYSIS = YES;
				CLANG_WARN_STRICT_PROTOTYPES = YES;
				CLANG_WARN_SUSPICIOUS_MOVE = YES;
				CLANG_WARN_UNGUARDED_AVAILABILITY = YES_AGGRESSIVE;
				CLANG_WARN_UNREACHABLE_CODE = YES;
				CLANG_WARN__DUPLICATE_METHOD_MATCH = YES;
				COPY_PHASE_STRIP = NO;
				DEBUG_INFORMATION_FORMAT = dwarf;
				ENABLE_STRICT_OBJC_MSGSEND = YES;
				ENABLE_TESTABILITY = YES;
				GCC_C_LANGUAGE_STANDARD = gnu11;
				GCC_DYNAMIC_NO_PIC = NO;
				GCC_NO_COMMON_BLOCKS = YES;
				GCC_OPTIMIZATION_LEVEL = 0;
				GCC_PREPROCESSOR_DEFINITIONS = (
					"DEBUG=1",
					"$(inherited)",
				);
				GCC_WARN_64_TO_32_BIT_CONVERSION = YES;
				GCC_WARN_ABOUT_RETURN_TYPE = YES_ERROR;
				GCC_WARN_UNDECLARED_SELECTOR = YES;
				GCC_WARN_UNINITIALIZED_AUTOS = YES_AGGRESSIVE;
				GCC_WARN_UNUSED_FUNCTION = YES;
				GCC_WARN_UNUSED_VARIABLE = YES;
				IPHONEOS_DEPLOYMENT_TARGET = 15.5;
				MTL_ENABLE_DEBUG_INFO = INCLUDE_SOURCE;
				MTL_FAST_MATH = YES;
				ONLY_ACTIVE_ARCH = YES;
				SDKROOT = iphoneos;
				SWIFT_ACTIVE_COMPILATION_CONDITIONS = DEBUG;
				SWIFT_OPTIMIZATION_LEVEL = "-Onone";
			};
			name = Debug;
		};
		4380A823284B0590008CDC89 /* Release */ = {
			isa = XCBuildConfiguration;
			buildSettings = {
				ALWAYS_SEARCH_USER_PATHS = NO;
				CLANG_ANALYZER_LOCALIZABILITY_NONLOCALIZED = YES;
				CLANG_ANALYZER_NONNULL = YES;
				CLANG_ANALYZER_NUMBER_OBJECT_CONVERSION = YES_AGGRESSIVE;
				CLANG_CXX_LANGUAGE_STANDARD = "gnu++17";
				CLANG_ENABLE_MODULES = YES;
				CLANG_ENABLE_OBJC_ARC = YES;
				CLANG_ENABLE_OBJC_WEAK = YES;
				CLANG_WARN_BLOCK_CAPTURE_AUTORELEASING = YES;
				CLANG_WARN_BOOL_CONVERSION = YES;
				CLANG_WARN_COMMA = YES;
				CLANG_WARN_CONSTANT_CONVERSION = YES;
				CLANG_WARN_DEPRECATED_OBJC_IMPLEMENTATIONS = YES;
				CLANG_WARN_DIRECT_OBJC_ISA_USAGE = YES_ERROR;
				CLANG_WARN_DOCUMENTATION_COMMENTS = YES;
				CLANG_WARN_EMPTY_BODY = YES;
				CLANG_WARN_ENUM_CONVERSION = YES;
				CLANG_WARN_INFINITE_RECURSION = YES;
				CLANG_WARN_INT_CONVERSION = YES;
				CLANG_WARN_NON_LITERAL_NULL_CONVERSION = YES;
				CLANG_WARN_OBJC_IMPLICIT_RETAIN_SELF = YES;
				CLANG_WARN_OBJC_LITERAL_CONVERSION = YES;
				CLANG_WARN_OBJC_ROOT_CLASS = YES_ERROR;
				CLANG_WARN_QUOTED_INCLUDE_IN_FRAMEWORK_HEADER = YES;
				CLANG_WARN_RANGE_LOOP_ANALYSIS = YES;
				CLANG_WARN_STRICT_PROTOTYPES = YES;
				CLANG_WARN_SUSPICIOUS_MOVE = YES;
				CLANG_WARN_UNGUARDED_AVAILABILITY = YES_AGGRESSIVE;
				CLANG_WARN_UNREACHABLE_CODE = YES;
				CLANG_WARN__DUPLICATE_METHOD_MATCH = YES;
				COPY_PHASE_STRIP = NO;
				DEBUG_INFORMATION_FORMAT = "dwarf-with-dsym";
				ENABLE_NS_ASSERTIONS = NO;
				ENABLE_STRICT_OBJC_MSGSEND = YES;
				GCC_C_LANGUAGE_STANDARD = gnu11;
				GCC_NO_COMMON_BLOCKS = YES;
				GCC_WARN_64_TO_32_BIT_CONVERSION = YES;
				GCC_WARN_ABOUT_RETURN_TYPE = YES_ERROR;
				GCC_WARN_UNDECLARED_SELECTOR = YES;
				GCC_WARN_UNINITIALIZED_AUTOS = YES_AGGRESSIVE;
				GCC_WARN_UNUSED_FUNCTION = YES;
				GCC_WARN_UNUSED_VARIABLE = YES;
				IPHONEOS_DEPLOYMENT_TARGET = 15.5;
				MTL_ENABLE_DEBUG_INFO = NO;
				MTL_FAST_MATH = YES;
				SDKROOT = iphoneos;
				SWIFT_COMPILATION_MODE = wholemodule;
				SWIFT_OPTIMIZATION_LEVEL = "-O";
				VALIDATE_PRODUCT = YES;
			};
			name = Release;
		};
		4380A825284B0590008CDC89 /* Debug */ = {
			isa = XCBuildConfiguration;
			buildSettings = {
				ASSETCATALOG_COMPILER_APPICON_NAME = AppIcon;
				ASSETCATALOG_COMPILER_GLOBAL_ACCENT_COLOR_NAME = AccentColor;
				CODE_SIGN_STYLE = Automatic;
				CURRENT_PROJECT_VERSION = 1;
				DEVELOPMENT_ASSET_PATHS = "\"Remedios/Preview Content\"";
				DEVELOPMENT_TEAM = 8LH8763329;
				ENABLE_PREVIEWS = YES;
				GENERATE_INFOPLIST_FILE = YES;
				INFOPLIST_KEY_CFBundleDisplayName = Remedios;
				INFOPLIST_KEY_LSApplicationCategoryType = "public.app-category.medical";
				INFOPLIST_KEY_UIApplicationSceneManifest_Generation = YES;
				INFOPLIST_KEY_UIApplicationSupportsIndirectInputEvents = YES;
				INFOPLIST_KEY_UILaunchScreen_Generation = YES;
				INFOPLIST_KEY_UIStatusBarHidden = YES;
				INFOPLIST_KEY_UISupportedInterfaceOrientations_iPad = "UIInterfaceOrientationPortrait UIInterfaceOrientationPortraitUpsideDown UIInterfaceOrientationLandscapeLeft UIInterfaceOrientationLandscapeRight";
				INFOPLIST_KEY_UISupportedInterfaceOrientations_iPhone = "UIInterfaceOrientationPortrait UIInterfaceOrientationLandscapeLeft UIInterfaceOrientationLandscapeRight";
				LD_RUNPATH_SEARCH_PATHS = (
					"$(inherited)",
					"@executable_path/Frameworks",
				);
				MARKETING_VERSION = 1.4;
				PRODUCT_BUNDLE_IDENTIFIER = br.julio.remediolembrete;
				PRODUCT_NAME = "Remedio na Hora";
				SWIFT_EMIT_LOC_STRINGS = YES;
				SWIFT_VERSION = 5.0;
				TARGETED_DEVICE_FAMILY = "1,2";
			};
			name = Debug;
		};
		4380A826284B0590008CDC89 /* Release */ = {
			isa = XCBuildConfiguration;
			buildSettings = {
				ASSETCATALOG_COMPILER_APPICON_NAME = AppIcon;
				ASSETCATALOG_COMPILER_GLOBAL_ACCENT_COLOR_NAME = AccentColor;
				CODE_SIGN_STYLE = Automatic;
				CURRENT_PROJECT_VERSION = 1;
				DEVELOPMENT_ASSET_PATHS = "\"Remedios/Preview Content\"";
				DEVELOPMENT_TEAM = 8LH8763329;
				ENABLE_PREVIEWS = YES;
				GENERATE_INFOPLIST_FILE = YES;
				INFOPLIST_KEY_CFBundleDisplayName = Remedios;
				INFOPLIST_KEY_LSApplicationCategoryType = "public.app-category.medical";
				INFOPLIST_KEY_UIApplicationSceneManifest_Generation = YES;
				INFOPLIST_KEY_UIApplicationSupportsIndirectInputEvents = YES;
				INFOPLIST_KEY_UILaunchScreen_Generation = YES;
				INFOPLIST_KEY_UIStatusBarHidden = YES;
				INFOPLIST_KEY_UISupportedInterfaceOrientations_iPad = "UIInterfaceOrientationPortrait UIInterfaceOrientationPortraitUpsideDown UIInterfaceOrientationLandscapeLeft UIInterfaceOrientationLandscapeRight";
				INFOPLIST_KEY_UISupportedInterfaceOrientations_iPhone = "UIInterfaceOrientationPortrait UIInterfaceOrientationLandscapeLeft UIInterfaceOrientationLandscapeRight";
				LD_RUNPATH_SEARCH_PATHS = (
					"$(inherited)",
					"@executable_path/Frameworks",
				);
				MARKETING_VERSION = 1.4;
				PRODUCT_BUNDLE_IDENTIFIER = br.julio.remediolembrete;
				PRODUCT_NAME = "Remedio na Hora";
				SWIFT_EMIT_LOC_STRINGS = YES;
				SWIFT_VERSION = 5.0;
				TARGETED_DEVICE_FAMILY = "1,2";
			};
			name = Release;
		};
		4380A828284B0590008CDC89 /* Debug */ = {
			isa = XCBuildConfiguration;
			buildSettings = {
				ALWAYS_EMBED_SWIFT_STANDARD_LIBRARIES = YES;
				BUNDLE_LOADER = "$(TEST_HOST)";
				CODE_SIGN_STYLE = Automatic;
				CURRENT_PROJECT_VERSION = 1;
				DEVELOPMENT_TEAM = 8LH8763329;
				GENERATE_INFOPLIST_FILE = YES;
				IPHONEOS_DEPLOYMENT_TARGET = 15.5;
				MARKETING_VERSION = 1.0;
				PRODUCT_BUNDLE_IDENTIFIER = br.com.julio.RemediosTests;
				PRODUCT_NAME = "$(TARGET_NAME)";
				SWIFT_EMIT_LOC_STRINGS = NO;
				SWIFT_VERSION = 5.0;
				TARGETED_DEVICE_FAMILY = "1,2";
				TEST_HOST = "$(BUILT_PRODUCTS_DIR)/Remedios.app/Remedios";
			};
			name = Debug;
		};
		4380A829284B0590008CDC89 /* Release */ = {
			isa = XCBuildConfiguration;
			buildSettings = {
				ALWAYS_EMBED_SWIFT_STANDARD_LIBRARIES = YES;
				BUNDLE_LOADER = "$(TEST_HOST)";
				CODE_SIGN_STYLE = Automatic;
				CURRENT_PROJECT_VERSION = 1;
				DEVELOPMENT_TEAM = 8LH8763329;
				GENERATE_INFOPLIST_FILE = YES;
				IPHONEOS_DEPLOYMENT_TARGET = 15.5;
				MARKETING_VERSION = 1.0;
				PRODUCT_BUNDLE_IDENTIFIER = br.com.julio.RemediosTests;
				PRODUCT_NAME = "$(TARGET_NAME)";
				SWIFT_EMIT_LOC_STRINGS = NO;
				SWIFT_VERSION = 5.0;
				TARGETED_DEVICE_FAMILY = "1,2";
				TEST_HOST = "$(BUILT_PRODUCTS_DIR)/Remedios.app/Remedios";
			};
			name = Release;
		};
		4380A82B284B0590008CDC89 /* Debug */ = {
			isa = XCBuildConfiguration;
			buildSettings = {
				ALWAYS_EMBED_SWIFT_STANDARD_LIBRARIES = YES;
				CODE_SIGN_STYLE = Automatic;
				CURRENT_PROJECT_VERSION = 1;
				DEVELOPMENT_TEAM = 8LH8763329;
				GENERATE_INFOPLIST_FILE = YES;
				MARKETING_VERSION = 1.0;
				PRODUCT_BUNDLE_IDENTIFIER = br.com.julio.RemediosUITests;
				PRODUCT_NAME = "$(TARGET_NAME)";
				SWIFT_EMIT_LOC_STRINGS = NO;
				SWIFT_VERSION = 5.0;
				TARGETED_DEVICE_FAMILY = "1,2";
				TEST_TARGET_NAME = Remedios;
			};
			name = Debug;
		};
		4380A82C284B0590008CDC89 /* Release */ = {
			isa = XCBuildConfiguration;
			buildSettings = {
				ALWAYS_EMBED_SWIFT_STANDARD_LIBRARIES = YES;
				CODE_SIGN_STYLE = Automatic;
				CURRENT_PROJECT_VERSION = 1;
				DEVELOPMENT_TEAM = 8LH8763329;
				GENERATE_INFOPLIST_FILE = YES;
				MARKETING_VERSION = 1.0;
				PRODUCT_BUNDLE_IDENTIFIER = br.com.julio.RemediosUITests;
				PRODUCT_NAME = "$(TARGET_NAME)";
				SWIFT_EMIT_LOC_STRINGS = NO;
				SWIFT_VERSION = 5.0;
				TARGETED_DEVICE_FAMILY = "1,2";
				TEST_TARGET_NAME = Remedios;
			};
			name = Release;
		};
/* End XCBuildConfiguration section */

/* Begin XCConfigurationList section */
		4380A7F6284B058C008CDC89 /* Build configuration list for PBXProject "Remedios" */ = {
			isa = XCConfigurationList;
			buildConfigurations = (
				4380A822284B0590008CDC89 /* Debug */,
				4380A823284B0590008CDC89 /* Release */,
			);
			defaultConfigurationIsVisible = 0;
			defaultConfigurationName = Release;
		};
		4380A824284B0590008CDC89 /* Build configuration list for PBXNativeTarget "Remedios" */ = {
			isa = XCConfigurationList;
			buildConfigurations = (
				4380A825284B0590008CDC89 /* Debug */,
				4380A826284B0590008CDC89 /* Release */,
			);
			defaultConfigurationIsVisible = 0;
			defaultConfigurationName = Release;
		};
		4380A827284B0590008CDC89 /* Build configuration list for PBXNativeTarget "RemediosTests" */ = {
			isa = XCConfigurationList;
			buildConfigurations = (
				4380A828284B0590008CDC89 /* Debug */,
				4380A829284B0590008CDC89 /* Release */,
			);
			defaultConfigurationIsVisible = 0;
			defaultConfigurationName = Release;
		};
		4380A82A284B0590008CDC89 /* Build configuration list for PBXNativeTarget "RemediosUITests" */ = {
			isa = XCConfigurationList;
			buildConfigurations = (
				4380A82B284B0590008CDC89 /* Debug */,
				4380A82C284B0590008CDC89 /* Release */,
			);
			defaultConfigurationIsVisible = 0;
			defaultConfigurationName = Release;
		};
/* End XCConfigurationList section */

/* Begin XCVersionGroup section */
		4380A809284B058F008CDC89 /* Remedios.xcdatamodeld */ = {
			isa = XCVersionGroup;
			children = (
				4380A80A284B058F008CDC89 /* Remedios.xcdatamodel */,
			);
			currentVersion = 4380A80A284B058F008CDC89 /* Remedios.xcdatamodel */;
			path = Remedios.xcdatamodeld;
			sourceTree = "<group>";
			versionGroupType = wrapper.xcdatamodel;
		};
/* End XCVersionGroup section */
	};
	rootObject = 4380A7F3284B058C008CDC89 /* Project object */;
}
